
Microsoft Visual Studio Solution File, Format Version 11.00
# Visual Studio 2010
Project("{FAE04EC0-301F-11D3-BF4B-00C04F79EFBC}") = "Juego cubos", "Assembly-CSharp.csproj", "{313890DB-0A9C-FFB1-EB86-1BAD70A99985}"
EndProject
Project("{FAE04EC0-301F-11D3-BF4B-00C04F79EFBC}") = "Juego cubos", "Assembly-CSharp-Editor.csproj", "{A6E3CF80-F331-8EBB-265E-4513AD819BF8}"
EndProject
Global
	GlobalSection(SolutionConfigurationPlatforms) = preSolution
		Debug|Any CPU = Debug|Any CPU
		Release|Any CPU = Release|Any CPU
	EndGlobalSection
	GlobalSection(ProjectConfigurationPlatforms) = postSolution
		{313890DB-0A9C-FFB1-EB86-1BAD70A99985}.Debug|Any CPU.ActiveCfg = Debug|Any CPU
		{313890DB-0A9C-FFB1-EB86-1BAD70A99985}.Debug|Any CPU.Build.0 = Debug|Any CPU
		{313890DB-0A9C-FFB1-EB86-1BAD70A99985}.Release|Any CPU.ActiveCfg = Release|Any CPU
		{313890DB-0A9C-FFB1-EB86-1BAD70A99985}.Release|Any CPU.Build.0 = Release|Any CPU
		{A6E3CF80-F331-8EBB-265E-4513AD819BF8}.Debug|Any CPU.ActiveCfg = Debug|Any CPU
		{A6E3CF80-F331-8EBB-265E-4513AD819BF8}.Debug|Any CPU.Build.0 = Debug|Any CPU
		{A6E3CF80-F331-8EBB-265E-4513AD819BF8}.Release|Any CPU.ActiveCfg = Release|Any CPU
		{A6E3CF80-F331-8EBB-265E-4513AD819BF8}.Release|Any CPU.Build.0 = Release|Any CPU
	EndGlobalSection
	GlobalSection(SolutionProperties) = preSolution
		HideSolutionNode = FALSE
	EndGlobalSection
	GlobalSection(MonoDevelopProperties) = preSolution
		StartupItem = Assembly-CSharp.csproj
	EndGlobalSection
EndGlobal
